// !$*UTF8*$!
{
	archiveVersion = 1;
	classes = {
	};
	objectVersion = 50;
	objects = {

/* Begin PBXBuildFile section */
		85371410233E7D51005B6ED2 /* Placeholder.png in Resources */ = {isa = PBXBuildFile; fileRef = 8537140F233E7D51005B6ED2 /* Placeholder.png */; };
		854BCF4A23125A3A00D18DE8 /* AppDelegate.swift in Sources */ = {isa = PBXBuildFile; fileRef = 854BCF4923125A3A00D18DE8 /* AppDelegate.swift */; };
		854BCF4C23125A3A00D18DE8 /* ViewController.swift in Sources */ = {isa = PBXBuildFile; fileRef = 854BCF4B23125A3A00D18DE8 /* ViewController.swift */; };
		854BCF5123125A3A00D18DE8 /* Assets.xcassets in Resources */ = {isa = PBXBuildFile; fileRef = 854BCF5023125A3A00D18DE8 /* Assets.xcassets */; };
		854BCF5423125A3A00D18DE8 /* LaunchScreen.storyboard in Resources */ = {isa = PBXBuildFile; fileRef = 854BCF5223125A3A00D18DE8 /* LaunchScreen.storyboard */; };
		854BCF5C23125ABF00D18DE8 /* UIImageViewHelper.swift in Sources */ = {isa = PBXBuildFile; fileRef = 854BCF5B23125ABF00D18DE8 /* UIImageViewHelper.swift */; };
		854BCF642312A3A100D18DE8 /* ApiManager.swift in Sources */ = {isa = PBXBuildFile; fileRef = 854BCF632312A3A100D18DE8 /* ApiManager.swift */; };
		854BCF662312A91700D18DE8 /* ApiModel.swift in Sources */ = {isa = PBXBuildFile; fileRef = 854BCF652312A91700D18DE8 /* ApiModel.swift */; };
		854BCF6A2312BFFE00D18DE8 /* DetailController.swift in Sources */ = {isa = PBXBuildFile; fileRef = 854BCF692312BFFE00D18DE8 /* DetailController.swift */; };
		854BCF6E2312F98B00D18DE8 /* AppLoader.swift in Sources */ = {isa = PBXBuildFile; fileRef = 854BCF6D2312F98B00D18DE8 /* AppLoader.swift */; };
		854BCF7023130A2300D18DE8 /* UIViewExtension.swift in Sources */ = {isa = PBXBuildFile; fileRef = 854BCF6F23130A2300D18DE8 /* UIViewExtension.swift */; };
		854BCF7223130A5A00D18DE8 /* AlbumCell.swift in Sources */ = {isa = PBXBuildFile; fileRef = 854BCF7123130A5A00D18DE8 /* AlbumCell.swift */; };
/* End PBXBuildFile section */

/* Begin PBXFileReference section */
		8537140F233E7D51005B6ED2 /* Placeholder.png */ = {isa = PBXFileReference; lastKnownFileType = image.png; path = Placeholder.png; sourceTree = "<group>"; };
		854BCF4623125A3A00D18DE8 /* AlbumApp.app */ = {isa = PBXFileReference; explicitFileType = wrapper.application; includeInIndex = 0; path = AlbumApp.app; sourceTree = BUILT_PRODUCTS_DIR; };
		854BCF4923125A3A00D18DE8 /* AppDelegate.swift */ = {isa = PBXFileReference; lastKnownFileType = sourcecode.swift; path = AppDelegate.swift; sourceTree = "<group>"; };
		854BCF4B23125A3A00D18DE8 /* ViewController.swift */ = {isa = PBXFileReference; lastKnownFileType = sourcecode.swift; path = ViewController.swift; sourceTree = "<group>"; };
		854BCF5023125A3A00D18DE8 /* Assets.xcassets */ = {isa = PBXFileReference; lastKnownFileType = folder.assetcatalog; path = Assets.xcassets; sourceTree = "<group>"; };
		854BCF5323125A3A00D18DE8 /* Base */ = {isa = PBXFileReference; lastKnownFileType = file.storyboard; name = Base; path = Base.lproj/LaunchScreen.storyboard; sourceTree = "<group>"; };
		854BCF5523125A3A00D18DE8 /* Info.plist */ = {isa = PBXFileReference; lastKnownFileType = text.plist.xml; path = Info.plist; sourceTree = "<group>"; };
		854BCF5B23125ABF00D18DE8 /* UIImageViewHelper.swift */ = {isa = PBXFileReference; fileEncoding = 4; lastKnownFileType = sourcecode.swift; path = UIImageViewHelper.swift; sourceTree = "<group>"; };
		854BCF632312A3A100D18DE8 /* ApiManager.swift */ = {isa = PBXFileReference; lastKnownFileType = sourcecode.swift; path = ApiManager.swift; sourceTree = "<group>"; };
		854BCF652312A91700D18DE8 /* ApiModel.swift */ = {isa = PBXFileReference; lastKnownFileType = sourcecode.swift; path = ApiModel.swift; sourceTree = "<group>"; };
		854BCF692312BFFE00D18DE8 /* DetailController.swift */ = {isa = PBXFileReference; lastKnownFileType = sourcecode.swift; path = DetailController.swift; sourceTree = "<group>"; };
		854BCF6D2312F98B00D18DE8 /* AppLoader.swift */ = {isa = PBXFileReference; fileEncoding = 4; lastKnownFileType = sourcecode.swift; path = AppLoader.swift; sourceTree = "<group>"; };
		854BCF6F23130A2300D18DE8 /* UIViewExtension.swift */ = {isa = PBXFileReference; lastKnownFileType = sourcecode.swift; path = UIViewExtension.swift; sourceTree = "<group>"; };
		854BCF7123130A5A00D18DE8 /* AlbumCell.swift */ = {isa = PBXFileReference; lastKnownFileType = sourcecode.swift; path = AlbumCell.swift; sourceTree = "<group>"; };
/* End PBXFileReference section */

/* Begin PBXFrameworksBuildPhase section */
		854BCF4323125A3A00D18DE8 /* Frameworks */ = {
			isa = PBXFrameworksBuildPhase;
			buildActionMask = 2147483647;
			files = (
			);
			runOnlyForDeploymentPostprocessing = 0;
		};
/* End PBXFrameworksBuildPhase section */

/* Begin PBXGroup section */
		8537140E233E7AB6005B6ED2 /* Views */ = {
			isa = PBXGroup;
			children = (
				854BCF7123130A5A00D18DE8 /* AlbumCell.swift */,
			);
			path = Views;
			sourceTree = "<group>";
		};
		854BCF3D23125A3900D18DE8 = {
			isa = PBXGroup;
			children = (
				854BCF4823125A3A00D18DE8 /* AlbumApp */,
				854BCF4723125A3A00D18DE8 /* Products */,
			);
			sourceTree = "<group>";
		};
		854BCF4723125A3A00D18DE8 /* Products */ = {
			isa = PBXGroup;
			children = (
				854BCF4623125A3A00D18DE8 /* AlbumApp.app */,
			);
			name = Products;
			sourceTree = "<group>";
		};
		854BCF4823125A3A00D18DE8 /* AlbumApp */ = {
			isa = PBXGroup;
			children = (
				8537140E233E7AB6005B6ED2 /* Views */,
				854BCF6C2312F97800D18DE8 /* Model */,
				854BCF6B2312F97300D18DE8 /* Helper */,
				854BCF682312ABDB00D18DE8 /* Classes */,
				854BCF672312ABCE00D18DE8 /* Api Calls */,
				854BCF4923125A3A00D18DE8 /* AppDelegate.swift */,
				8537140F233E7D51005B6ED2 /* Placeholder.png */,
				854BCF5023125A3A00D18DE8 /* Assets.xcassets */,
				854BCF5223125A3A00D18DE8 /* LaunchScreen.storyboard */,
				854BCF5523125A3A00D18DE8 /* Info.plist */,
			);
			path = AlbumApp;
			sourceTree = "<group>";
		};
		854BCF672312ABCE00D18DE8 /* Api Calls */ = {
			isa = PBXGroup;
			children = (
				854BCF632312A3A100D18DE8 /* ApiManager.swift */,
			);
			path = "Api Calls";
			sourceTree = "<group>";
		};
		854BCF682312ABDB00D18DE8 /* Classes */ = {
			isa = PBXGroup;
			children = (
				854BCF4B23125A3A00D18DE8 /* ViewController.swift */,
				854BCF692312BFFE00D18DE8 /* DetailController.swift */,
			);
			path = Classes;
			sourceTree = "<group>";
		};
		854BCF6B2312F97300D18DE8 /* Helper */ = {
			isa = PBXGroup;
			children = (
				854BCF5B23125ABF00D18DE8 /* UIImageViewHelper.swift */,
				854BCF6D2312F98B00D18DE8 /* AppLoader.swift */,
				854BCF6F23130A2300D18DE8 /* UIViewExtension.swift */,
			);
			path = Helper;
			sourceTree = "<group>";
		};
		854BCF6C2312F97800D18DE8 /* Model */ = {
			isa = PBXGroup;
			children = (
				854BCF652312A91700D18DE8 /* ApiModel.swift */,
			);
			path = Model;
			sourceTree = "<group>";
		};
/* End PBXGroup section */

/* Begin PBXNativeTarget section */
		854BCF4523125A3A00D18DE8 /* AlbumApp */ = {
			isa = PBXNativeTarget;
			buildConfigurationList = 854BCF5823125A3A00D18DE8 /* Build configuration list for PBXNativeTarget "AlbumApp" */;
			buildPhases = (
				854BCF4223125A3A00D18DE8 /* Sources */,
				854BCF4323125A3A00D18DE8 /* Frameworks */,
				854BCF4423125A3A00D18DE8 /* Resources */,
			);
			buildRules = (
			);
			dependencies = (
			);
			name = AlbumApp;
			productName = AlbumApp;
			productReference = 854BCF4623125A3A00D18DE8 /* AlbumApp.app */;
			productType = "com.apple.product-type.application";
		};
/* End PBXNativeTarget section */

/* Begin PBXProject section */
		854BCF3E23125A3900D18DE8 /* Project object */ = {
			isa = PBXProject;
			attributes = {
				LastSwiftUpdateCheck = 1020;
				LastUpgradeCheck = 1020;
				ORGANIZATIONNAME = Amish;
				TargetAttributes = {
					854BCF4523125A3A00D18DE8 = {
						CreatedOnToolsVersion = 10.2.1;
					};
				};
			};
			buildConfigurationList = 854BCF4123125A3900D18DE8 /* Build configuration list for PBXProject "AlbumApp" */;
			compatibilityVersion = "Xcode 9.3";
			developmentRegion = en;
			hasScannedForEncodings = 0;
			knownRegions = (
				en,
				Base,
			);
			mainGroup = 854BCF3D23125A3900D18DE8;
			productRefGroup = 854BCF4723125A3A00D18DE8 /* Products */;
			projectDirPath = "";
			projectRoot = "";
			targets = (
				854BCF4523125A3A00D18DE8 /* AlbumApp */,
			);
		};
/* End PBXProject section */

/* Begin PBXResourcesBuildPhase section */
		854BCF4423125A3A00D18DE8 /* Resources */ = {
			isa = PBXResourcesBuildPhase;
			buildActionMask = 2147483647;
			files = (
				854BCF5423125A3A00D18DE8 /* LaunchScreen.storyboard in Resources */,
				85371410233E7D51005B6ED2 /* Placeholder.png in Resources */,
				854BCF5123125A3A00D18DE8 /* Assets.xcassets in Resources */,
			);
			runOnlyForDeploymentPostprocessing = 0;
		};
/* End PBXResourcesBuildPhase section */

/* Begin PBXSourcesBuildPhase section */
		854BCF4223125A3A00D18DE8 /* Sources */ = {
			isa = PBXSourcesBuildPhase;
			buildActionMask = 2147483647;
			files = (
				854BCF7023130A2300D18DE8 /* UIViewExtension.swift in Sources */,
				854BCF5C23125ABF00D18DE8 /* UIImageViewHelper.swift in Sources */,
				854BCF6A2312BFFE00D18DE8 /* DetailController.swift in Sources */,
				854BCF4C23125A3A00D18DE8 /* ViewController.swift in Sources */,
				854BCF7223130A5A00D18DE8 /* AlbumCell.swift in Sources */,
				854BCF642312A3A100D18DE8 /* ApiManager.swift in Sources */,
				854BCF662312A91700D18DE8 /* ApiModel.swift in Sources */,
				854BCF4A23125A3A00D18DE8 /* AppDelegate.swift in Sources */,
				854BCF6E2312F98B00D18DE8 /* AppLoader.swift in Sources */,
			);
			runOnlyForDeploymentPostprocessing = 0;
		};
/* End PBXSourcesBuildPhase section */

/* Begin PBXVariantGroup section */
		854BCF5223125A3A00D18DE8 /* LaunchScreen.storyboard */ = {
			isa = PBXVariantGroup;
			children = (
				854BCF5323125A3A00D18DE8 /* Base */,
			);
			name = LaunchScreen.storyboard;
			sourceTree = "<group>";
		};
/* End PBXVariantGroup section */

/* Begin XCBuildConfiguration section */
		854BCF5623125A3A00D18DE8 /* Debug */ = {
			isa = XCBuildConfiguration;
			buildSettings = {
				ALWAYS_SEARCH_USER_PATHS = NO;
				CLANG_ANALYZER_NONNULL = YES;
				CLANG_ANALYZER_NUMBER_OBJECT_CONVERSION = YES_AGGRESSIVE;
				CLANG_CXX_LANGUAGE_STANDARD = "gnu++14";
				CLANG_CXX_LIBRARY = "libc++";
				CLANG_ENABLE_MODULES = YES;
				CLANG_ENABLE_OBJC_ARC = YES;
				CLANG_ENABLE_OBJC_WEAK = YES;
				CLANG_WARN_BLOCK_CAPTURE_AUTORELEASING = YES;
				CLANG_WARN_BOOL_CONVERSION = YES;
				CLANG_WARN_COMMA = YES;
				CLANG_WARN_CONSTANT_CONVERSION = YES;
				CLANG_WARN_DEPRECATED_OBJC_IMPLEMENTATIONS = YES;
				CLANG_WARN_DIRECT_OBJC_ISA_USAGE = YES_ERROR;
				CLANG_WARN_DOCUMENTATION_COMMENTS = YES;
				CLANG_WARN_EMPTY_BODY = YES;
				CLANG_WARN_ENUM_CONVERSION = YES;
				CLANG_WARN_INFINITE_RECURSION = YES;
				CLANG_WARN_INT_CONVERSION = YES;
				CLANG_WARN_NON_LITERAL_NULL_CONVERSION = YES;
				CLANG_WARN_OBJC_IMPLICIT_RETAIN_SELF = YES;
				CLANG_WARN_OBJC_LITERAL_CONVERSION = YES;
				CLANG_WARN_OBJC_ROOT_CLASS = YES_ERROR;
				CLANG_WARN_RANGE_LOOP_ANALYSIS = YES;
				CLANG_WARN_STRICT_PROTOTYPES = YES;
				CLANG_WARN_SUSPICIOUS_MOVE = YES;
				CLANG_WARN_UNGUARDED_AVAILABILITY = YES_AGGRESSIVE;
				CLANG_WARN_UNREACHABLE_CODE = YES;
				CLANG_WARN__DUPLICATE_METHOD_MATCH = YES;
				CODE_SIGN_IDENTITY = "iPhone Developer";
				COPY_PHASE_STRIP = NO;
				DEBUG_INFORMATION_FORMAT = dwarf;
				ENABLE_STRICT_OBJC_MSGSEND = YES;
				ENABLE_TESTABILITY = YES;
				GCC_C_LANGUAGE_STANDARD = gnu11;
				GCC_DYNAMIC_NO_PIC = NO;
				GCC_NO_COMMON_BLOCKS = YES;
				GCC_OPTIMIZATION_LEVEL = 0;
				GCC_PREPROCESSOR_DEFINITIONS = (
					"DEBUG=1",
					"$(inherited)",
				);
				GCC_WARN_64_TO_32_BIT_CONVERSION = YES;
				GCC_WARN_ABOUT_RETURN_TYPE = YES_ERROR;
				GCC_WARN_UNDECLARED_SELECTOR = YES;
				GCC_WARN_UNINITIALIZED_AUTOS = YES_AGGRESSIVE;
				GCC_WARN_UNUSED_FUNCTION = YES;
				GCC_WARN_UNUSED_VARIABLE = YES;
				IPHONEOS_DEPLOYMENT_TARGET = 12.2;
				MTL_ENABLE_DEBUG_INFO = INCLUDE_SOURCE;
				MTL_FAST_MATH = YES;
				ONLY_ACTIVE_ARCH = YES;
				SDKROOT = iphoneos;
				SWIFT_ACTIVE_COMPILATION_CONDITIONS = DEBUG;
				SWIFT_OPTIMIZATION_LEVEL = "-Onone";
			};
			name = Debug;
		};
		854BCF5723125A3A00D18DE8 /* Release */ = {
			isa = XCBuildConfiguration;
			buildSettings = {
				ALWAYS_SEARCH_USER_PATHS = NO;
				CLANG_ANALYZER_NONNULL = YES;
				CLANG_ANALYZER_NUMBER_OBJECT_CONVERSION = YES_AGGRESSIVE;
				CLANG_CXX_LANGUAGE_STANDARD = "gnu++14";
				CLANG_CXX_LIBRARY = "libc++";
				CLANG_ENABLE_MODULES = YES;
				CLANG_ENABLE_OBJC_ARC = YES;
				CLANG_ENABLE_OBJC_WEAK = YES;
				CLANG_WARN_BLOCK_CAPTURE_AUTORELEASING = YES;
				CLANG_WARN_BOOL_CONVERSION = YES;
				CLANG_WARN_COMMA = YES;
				CLANG_WARN_CONSTANT_CONVERSION = YES;
				CLANG_WARN_DEPRECATED_OBJC_IMPLEMENTATIONS = YES;
				CLANG_WARN_DIRECT_OBJC_ISA_USAGE = YES_ERROR;
				CLANG_WARN_DOCUMENTATION_COMMENTS = YES;
				CLANG_WARN_EMPTY_BODY = YES;
				CLANG_WARN_ENUM_CONVERSION = YES;
				CLANG_WARN_INFINITE_RECURSION = YES;
				CLANG_WARN_INT_CONVERSION = YES;
				CLANG_WARN_NON_LITERAL_NULL_CONVERSION = YES;
				CLANG_WARN_OBJC_IMPLICIT_RETAIN_SELF = YES;
				CLANG_WARN_OBJC_LITERAL_CONVERSION = YES;
				CLANG_WARN_OBJC_ROOT_CLASS = YES_ERROR;
				CLANG_WARN_RANGE_LOOP_ANALYSIS = YES;
				CLANG_WARN_STRICT_PROTOTYPES = YES;
				CLANG_WARN_SUSPICIOUS_MOVE = YES;
				CLANG_WARN_UNGUARDED_AVAILABILITY = YES_AGGRESSIVE;
				CLANG_WARN_UNREACHABLE_CODE = YES;
				CLANG_WARN__DUPLICATE_METHOD_MATCH = YES;
				CODE_SIGN_IDENTITY = "iPhone Developer";
				COPY_PHASE_STRIP = NO;
				DEBUG_INFORMATION_FORMAT = "dwarf-with-dsym";
				ENABLE_NS_ASSERTIONS = NO;
				ENABLE_STRICT_OBJC_MSGSEND = YES;
				GCC_C_LANGUAGE_STANDARD = gnu11;
				GCC_NO_COMMON_BLOCKS = YES;
				GCC_WARN_64_TO_32_BIT_CONVERSION = YES;
				GCC_WARN_ABOUT_RETURN_TYPE = YES_ERROR;
				GCC_WARN_UNDECLARED_SELECTOR = YES;
				GCC_WARN_UNINITIALIZED_AUTOS = YES_AGGRESSIVE;
				GCC_WARN_UNUSED_FUNCTION = YES;
				GCC_WARN_UNUSED_VARIABLE = YES;
				IPHONEOS_DEPLOYMENT_TARGET = 12.2;
				MTL_ENABLE_DEBUG_INFO = NO;
				MTL_FAST_MATH = YES;
				SDKROOT = iphoneos;
				SWIFT_COMPILATION_MODE = wholemodule;
				SWIFT_OPTIMIZATION_LEVEL = "-O";
				VALIDATE_PRODUCT = YES;
			};
			name = Release;
		};
		854BCF5923125A3A00D18DE8 /* Debug */ = {
			isa = XCBuildConfiguration;
			buildSettings = {
				ASSETCATALOG_COMPILER_APPICON_NAME = AppIcon;
				CODE_SIGN_STYLE = Manual;
				DEVELOPMENT_TEAM = "";
				INFOPLIST_FILE = AlbumApp/Info.plist;
				IPHONEOS_DEPLOYMENT_TARGET = 11.0;
				LD_RUNPATH_SEARCH_PATHS = (
					"$(inherited)",
					"@executable_path/Frameworks",
				);
				PRODUCT_BUNDLE_IDENTIFIER = com.album.app.AlbumApp;
				PRODUCT_NAME = "$(TARGET_NAME)";
				PROVISIONING_PROFILE_SPECIFIER = "";
				SWIFT_VERSION = 5.0;
				TARGETED_DEVICE_FAMILY = "1,2";
			};
			name = Debug;
		};
		854BCF5A23125A3A00D18DE8 /* Release */ = {
			isa = XCBuildConfiguration;
			buildSettings = {
				ASSETCATALOG_COMPILER_APPICON_NAME = AppIcon;
				CODE_SIGN_STYLE = Manual;
				DEVELOPMENT_TEAM = "";
				INFOPLIST_FILE = AlbumApp/Info.plist;
				IPHONEOS_DEPLOYMENT_TARGET = 11.0;
				LD_RUNPATH_SEARCH_PATHS = (
					"$(inherited)",
					"@executable_path/Frameworks",
				);
				PRODUCT_BUNDLE_IDENTIFIER = com.album.app.AlbumApp;
				PRODUCT_NAME = "$(TARGET_NAME)";
				PROVISIONING_PROFILE_SPECIFIER = "";
				SWIFT_VERSION = 5.0;
				TARGETED_DEVICE_FAMILY = "1,2";
			};
			name = Release;
		};
/* End XCBuildConfiguration section */

/* Begin XCConfigurationList section */
		854BCF4123125A3900D18DE8 /* Build configuration list for PBXProject "AlbumApp" */ = {
			isa = XCConfigurationList;
			buildConfigurations = (
				854BCF5623125A3A00D18DE8 /* Debug */,
				854BCF5723125A3A00D18DE8 /* Release */,
			);
			defaultConfigurationIsVisible = 0;
			defaultConfigurationName = Release;
		};
		854BCF5823125A3A00D18DE8 /* Build configuration list for PBXNativeTarget "AlbumApp" */ = {
			isa = XCConfigurationList;
			buildConfigurations = (
				854BCF5923125A3A00D18DE8 /* Debug */,
				854BCF5A23125A3A00D18DE8 /* Release */,
			);
			defaultConfigurationIsVisible = 0;
			defaultConfigurationName = Release;
		};
/* End XCConfigurationList section */
	};
	rootObject = 854BCF3E23125A3900D18DE8 /* Project object */;
}
